
Microsoft Visual Studio Solution File, Format Version 12.00
# Visual Studio Version 17
VisualStudioVersion = 17.9.34728.123
MinimumVisualStudioVersion = 10.0.40219.1
Project("{FAE04EC0-301F-11D3-BF4B-00C04F79EFBC}") = "Aplikacja_do_wyliczania_proporcji", "Aplikacja do wyliczania proporcji\Aplikacja_do_wyliczania_proporcji.csproj", "{0D7A5299-07C5-44F3-BCEB-F5A0EEA359A3}"
EndProject
Global
	GlobalSection(SolutionConfigurationPlatforms) = preSolution
		Debug|Any CPU = Debug|Any CPU
		Release|Any CPU = Release|Any CPU
	EndGlobalSection
	GlobalSection(ProjectConfigurationPlatforms) = postSolution
		{0D7A5299-07C5-44F3-BCEB-F5A0EEA359A3}.Debug|Any CPU.ActiveCfg = Debug|Any CPU
		{0D7A5299-07C5-44F3-BCEB-F5A0EEA359A3}.Debug|Any CPU.Build.0 = Debug|Any CPU
		{0D7A5299-07C5-44F3-BCEB-F5A0EEA359A3}.Debug|Any CPU.Deploy.0 = Debug|Any CPU
		{0D7A5299-07C5-44F3-BCEB-F5A0EEA359A3}.Release|Any CPU.ActiveCfg = Release|Any CPU
		{0D7A5299-07C5-44F3-BCEB-F5A0EEA359A3}.Release|Any CPU.Build.0 = Release|Any CPU
		{0D7A5299-07C5-44F3-BCEB-F5A0EEA359A3}.Release|Any CPU.Deploy.0 = Release|Any CPU
	EndGlobalSection
	GlobalSection(SolutionProperties) = preSolution
		HideSolutionNode = FALSE
	EndGlobalSection
	GlobalSection(ExtensibilityGlobals) = postSolution
		SolutionGuid = {47901DFC-3143-471D-9525-5B3A563A1E75}
	EndGlobalSection
EndGlobal
